
Microsoft Visual Studio Solution File, Format Version 12.00
# Visual Studio Version 17
VisualStudioVersion = 17.2.32630.192
MinimumVisualStudioVersion = 10.0.40219.1
Project("{FAE04EC0-301F-11D3-BF4B-00C04F79EFBC}") = "ComVisualizer", "ComVisualizer\ComVisualizer.csproj", "{6F1BCA4D-4321-4F12-B4C5-9CBE5CA6D36F}"
EndProject
Global
	GlobalSection(SolutionConfigurationPlatforms) = preSolution
		Debug|Any CPU = Debug|Any CPU
		Release|Any CPU = Release|Any CPU
	EndGlobalSection
	GlobalSection(ProjectConfigurationPlatforms) = postSolution
		{6F1BCA4D-4321-4F12-B4C5-9CBE5CA6D36F}.Debug|Any CPU.ActiveCfg = Debug|Any CPU
		{6F1BCA4D-4321-4F12-B4C5-9CBE5CA6D36F}.Debug|Any CPU.Build.0 = Debug|Any CPU
		{6F1BCA4D-4321-4F12-B4C5-9CBE5CA6D36F}.Release|Any CPU.ActiveCfg = Release|Any CPU
		{6F1BCA4D-4321-4F12-B4C5-9CBE5CA6D36F}.Release|Any CPU.Build.0 = Release|Any CPU
	EndGlobalSection
	GlobalSection(SolutionProperties) = preSolution
		HideSolutionNode = FALSE
	EndGlobalSection
	GlobalSection(ExtensibilityGlobals) = postSolution
		SolutionGuid = {C238E55C-954F-47F3-92E5-D0A8D141EB2F}
	EndGlobalSection
EndGlobal
